
Microsoft Visual Studio Solution File, Format Version 12.00
# Visual Studio 14
VisualStudioVersion = 14.0.25123.0
MinimumVisualStudioVersion = 10.0.40219.1
Project("{FAE04EC0-301F-11D3-BF4B-00C04F79EFBC}") = "Application", "Application\Application.csproj", "{7BA4DC64-399C-4865-8E2C-084C3868F4BD}"
EndProject
Project("{FAE04EC0-301F-11D3-BF4B-00C04F79EFBC}") = "Core", "Core\Core.csproj", "{DBCDB78D-D6C4-4AFD-9AC2-64DBEFAF255A}"
EndProject
Project("{FAE04EC0-301F-11D3-BF4B-00C04F79EFBC}") = "Web", "Web\Web.csproj", "{592268D6-E5B7-47DE-91CC-73285C4B4D7E}"
EndProject
Project("{FAE04EC0-301F-11D3-BF4B-00C04F79EFBC}") = "Tests", "Tests\Tests.csproj", "{8EE683DE-EC28-4225-AC6C-C6FD4162577B}"
EndProject
Project("{FAE04EC0-301F-11D3-BF4B-00C04F79EFBC}") = "DataAccess", "DataAccess\DataAccess.csproj", "{658C0FAB-B84F-4CF7-A778-361ADA6E4831}"
EndProject
Global
	GlobalSection(SolutionConfigurationPlatforms) = preSolution
		Debug|Any CPU = Debug|Any CPU
		Release|Any CPU = Release|Any CPU
	EndGlobalSection
	GlobalSection(ProjectConfigurationPlatforms) = postSolution
		{7BA4DC64-399C-4865-8E2C-084C3868F4BD}.Debug|Any CPU.ActiveCfg = Debug|Any CPU
		{7BA4DC64-399C-4865-8E2C-084C3868F4BD}.Debug|Any CPU.Build.0 = Debug|Any CPU
		{7BA4DC64-399C-4865-8E2C-084C3868F4BD}.Release|Any CPU.ActiveCfg = Release|Any CPU
		{7BA4DC64-399C-4865-8E2C-084C3868F4BD}.Release|Any CPU.Build.0 = Release|Any CPU
		{DBCDB78D-D6C4-4AFD-9AC2-64DBEFAF255A}.Debug|Any CPU.ActiveCfg = Debug|Any CPU
		{DBCDB78D-D6C4-4AFD-9AC2-64DBEFAF255A}.Debug|Any CPU.Build.0 = Debug|Any CPU
		{DBCDB78D-D6C4-4AFD-9AC2-64DBEFAF255A}.Release|Any CPU.ActiveCfg = Release|Any CPU
		{DBCDB78D-D6C4-4AFD-9AC2-64DBEFAF255A}.Release|Any CPU.Build.0 = Release|Any CPU
		{592268D6-E5B7-47DE-91CC-73285C4B4D7E}.Debug|Any CPU.ActiveCfg = Debug|Any CPU
		{592268D6-E5B7-47DE-91CC-73285C4B4D7E}.Debug|Any CPU.Build.0 = Debug|Any CPU
		{592268D6-E5B7-47DE-91CC-73285C4B4D7E}.Release|Any CPU.ActiveCfg = Release|Any CPU
		{592268D6-E5B7-47DE-91CC-73285C4B4D7E}.Release|Any CPU.Build.0 = Release|Any CPU
		{8EE683DE-EC28-4225-AC6C-C6FD4162577B}.Debug|Any CPU.ActiveCfg = Debug|Any CPU
		{8EE683DE-EC28-4225-AC6C-C6FD4162577B}.Debug|Any CPU.Build.0 = Debug|Any CPU
		{8EE683DE-EC28-4225-AC6C-C6FD4162577B}.Release|Any CPU.ActiveCfg = Release|Any CPU
		{8EE683DE-EC28-4225-AC6C-C6FD4162577B}.Release|Any CPU.Build.0 = Release|Any CPU
		{658C0FAB-B84F-4CF7-A778-361ADA6E4831}.Debug|Any CPU.ActiveCfg = Debug|Any CPU
		{658C0FAB-B84F-4CF7-A778-361ADA6E4831}.Debug|Any CPU.Build.0 = Debug|Any CPU
		{658C0FAB-B84F-4CF7-A778-361ADA6E4831}.Release|Any CPU.ActiveCfg = Release|Any CPU
		{658C0FAB-B84F-4CF7-A778-361ADA6E4831}.Release|Any CPU.Build.0 = Release|Any CPU
	EndGlobalSection
	GlobalSection(SolutionProperties) = preSolution
		HideSolutionNode = FALSE
	EndGlobalSection
EndGlobal
